// !$*UTF8*$!
{
	archiveVersion = 1;
	classes = {
	};
	objectVersion = 50;
	objects = {

/* Begin PBXBuildFile section */
		7E23B0BB241EACF5002A2395 /* PlayerCollider.swift in Sources */ = {isa = PBXBuildFile; fileRef = 7E23B0BA241EACF5002A2395 /* PlayerCollider.swift */; };
		7E23B0BD241EB0FF002A2395 /* BattleAction.swift in Sources */ = {isa = PBXBuildFile; fileRef = 7E23B0BC241EB0FF002A2395 /* BattleAction.swift */; };
		7E23B0C1241ECCF6002A2395 /* OptionsButtonNode.swift in Sources */ = {isa = PBXBuildFile; fileRef = 7E23B0C0241ECCF6002A2395 /* OptionsButtonNode.swift */; };
		7E23B0C3241ED573002A2395 /* CharacterButtonNode.swift in Sources */ = {isa = PBXBuildFile; fileRef = 7E23B0C2241ED573002A2395 /* CharacterButtonNode.swift */; };
		7E34B9E823B552E400FA0BEE /* AppDelegate.swift in Sources */ = {isa = PBXBuildFile; fileRef = 7E34B9E723B552E400FA0BEE /* AppDelegate.swift */; };
		7E34B9EA23B552E400FA0BEE /* art.scnassets in Resources */ = {isa = PBXBuildFile; fileRef = 7E34B9E923B552E400FA0BEE /* art.scnassets */; };
		7E34B9EF23B552E400FA0BEE /* Main.storyboard in Resources */ = {isa = PBXBuildFile; fileRef = 7E34B9ED23B552E400FA0BEE /* Main.storyboard */; };
		7E34B9F123B552E600FA0BEE /* Assets.xcassets in Resources */ = {isa = PBXBuildFile; fileRef = 7E34B9F023B552E600FA0BEE /* Assets.xcassets */; };
		7E34B9F423B552E600FA0BEE /* LaunchScreen.storyboard in Resources */ = {isa = PBXBuildFile; fileRef = 7E34B9F223B552E600FA0BEE /* LaunchScreen.storyboard */; };
		7E34B9FF23B552E600FA0BEE /* TheLastWitchTests.swift in Sources */ = {isa = PBXBuildFile; fileRef = 7E34B9FE23B552E600FA0BEE /* TheLastWitchTests.swift */; };
		7E34BA0E23B800EB00FA0BEE /* DpadNode.swift in Sources */ = {isa = PBXBuildFile; fileRef = 7E34BA0D23B800EB00FA0BEE /* DpadNode.swift */; };
		7E34BA1023B8024D00FA0BEE /* NodeProtocol.swift in Sources */ = {isa = PBXBuildFile; fileRef = 7E34BA0F23B8024D00FA0BEE /* NodeProtocol.swift */; };
		7E34BA1223B8055C00FA0BEE /* AttackButtonNode.swift in Sources */ = {isa = PBXBuildFile; fileRef = 7E34BA1123B8055C00FA0BEE /* AttackButtonNode.swift */; };
		7E34BA1423B8062D00FA0BEE /* HPBarNode.swift in Sources */ = {isa = PBXBuildFile; fileRef = 7E34BA1323B8062D00FA0BEE /* HPBarNode.swift */; };
		7E34BA1723B8251A00FA0BEE /* Player.swift in Sources */ = {isa = PBXBuildFile; fileRef = 7E34BA1623B8251A00FA0BEE /* Player.swift */; };
		7E34BA1A23B82BE800FA0BEE /* PlayerAnimationType.swift in Sources */ = {isa = PBXBuildFile; fileRef = 7E34BA1923B82BE800FA0BEE /* PlayerAnimationType.swift */; };
		7E34BA1C23B82C2C00FA0BEE /* PlayerAnimation.swift in Sources */ = {isa = PBXBuildFile; fileRef = 7E34BA1B23B82C2C00FA0BEE /* PlayerAnimation.swift */; };
		7E34BA1E23B83B8900FA0BEE /* GameState.swift in Sources */ = {isa = PBXBuildFile; fileRef = 7E34BA1D23B83B8900FA0BEE /* GameState.swift */; };
		7E57ACA8241FDC85003350C9 /* GameProgress.swift in Sources */ = {isa = PBXBuildFile; fileRef = 7E57ACA6241FDC85003350C9 /* GameProgress.swift */; };
		7E57ACA9241FDC85003350C9 /* GameView.swift in Sources */ = {isa = PBXBuildFile; fileRef = 7E57ACA7241FDC85003350C9 /* GameView.swift */; };
		7E57ACAC241FDC8F003350C9 /* GameViewController.swift in Sources */ = {isa = PBXBuildFile; fileRef = 7E57ACAA241FDC8E003350C9 /* GameViewController.swift */; };
		7E57ACAD241FDC8F003350C9 /* GameViewConfigurator.swift in Sources */ = {isa = PBXBuildFile; fileRef = 7E57ACAB241FDC8F003350C9 /* GameViewConfigurator.swift */; };
		7E57ACB3241FDD38003350C9 /* GameMenuConfigurator.swift in Sources */ = {isa = PBXBuildFile; fileRef = 7E57ACB1241FDD38003350C9 /* GameMenuConfigurator.swift */; };
		7E57ACB4241FDD38003350C9 /* GameMenuController.swift in Sources */ = {isa = PBXBuildFile; fileRef = 7E57ACB2241FDD38003350C9 /* GameMenuController.swift */; };
		7E57ACB9241FDD43003350C9 /* GameMenuLayoutManaging.swift in Sources */ = {isa = PBXBuildFile; fileRef = 7E57ACB5241FDD43003350C9 /* GameMenuLayoutManaging.swift */; };
		7E57ACBA241FDD43003350C9 /* GameMenuView.swift in Sources */ = {isa = PBXBuildFile; fileRef = 7E57ACB6241FDD43003350C9 /* GameMenuView.swift */; };
		7E57ACBB241FDD43003350C9 /* GameMenuLayoutManager.swift in Sources */ = {isa = PBXBuildFile; fileRef = 7E57ACB7241FDD43003350C9 /* GameMenuLayoutManager.swift */; };
		7E57ACBC241FDD43003350C9 /* GameMenuViewInterface.swift in Sources */ = {isa = PBXBuildFile; fileRef = 7E57ACB8241FDD43003350C9 /* GameMenuViewInterface.swift */; };
		7E57ACC1241FDD91003350C9 /* SceneOne.swift in Sources */ = {isa = PBXBuildFile; fileRef = 7E57ACBF241FDD91003350C9 /* SceneOne.swift */; };
		7E57ACC2241FDD91003350C9 /* SceneTwo.swift in Sources */ = {isa = PBXBuildFile; fileRef = 7E57ACC0241FDD91003350C9 /* SceneTwo.swift */; };
		7E57ACC8241FEDD5003350C9 /* Npc.swift in Sources */ = {isa = PBXBuildFile; fileRef = 7E57ACC7241FEDD5003350C9 /* Npc.swift */; };
		7E57ACCA241FF034003350C9 /* NpcAnimationType.swift in Sources */ = {isa = PBXBuildFile; fileRef = 7E57ACC9241FF034003350C9 /* NpcAnimationType.swift */; };
		7E57ACCC241FF05F003350C9 /* NpcAnimation.swift in Sources */ = {isa = PBXBuildFile; fileRef = 7E57ACCB241FF05F003350C9 /* NpcAnimation.swift */; };
		7E80B49623CB68E200254C4B /* Enemy.swift in Sources */ = {isa = PBXBuildFile; fileRef = 7E80B49523CB68E200254C4B /* Enemy.swift */; };
		7E80B49823CBC91700254C4B /* GameUtils.swift in Sources */ = {isa = PBXBuildFile; fileRef = 7E80B49723CBC91700254C4B /* GameUtils.swift */; };
		7EA7A5FC23E5F3DA00894C4D /* EnemyAnimationType.swift in Sources */ = {isa = PBXBuildFile; fileRef = 7EA7A5FB23E5F3DA00894C4D /* EnemyAnimationType.swift */; };
		7EA7A5FF23E5F62500894C4D /* ColourBase.swift in Sources */ = {isa = PBXBuildFile; fileRef = 7EA7A5FE23E5F62500894C4D /* ColourBase.swift */; };
		7EA7A60323E5FCAE00894C4D /* Collision.swift in Sources */ = {isa = PBXBuildFile; fileRef = 7EA7A60223E5FCAE00894C4D /* Collision.swift */; };
		7EA7A60723E5FD6B00894C4D /* Bitmask.swift in Sources */ = {isa = PBXBuildFile; fileRef = 7EA7A60623E5FD6B00894C4D /* Bitmask.swift */; };
		7EDFF5622415599B00D24798 /* EnemyAnimation.swift in Sources */ = {isa = PBXBuildFile; fileRef = 7EDFF5612415599B00D24798 /* EnemyAnimation.swift */; };
		7EDFF5642415689100D24798 /* EXPBarNode.swift in Sources */ = {isa = PBXBuildFile; fileRef = 7EDFF5632415689100D24798 /* EXPBarNode.swift */; };
		7EDFF567241E7F5300D24798 /* EnemyCollider.swift in Sources */ = {isa = PBXBuildFile; fileRef = 7EDFF566241E7F5300D24798 /* EnemyCollider.swift */; };
		7EDFF56A241E807600D24798 /* EnemyConfigurator.swift in Sources */ = {isa = PBXBuildFile; fileRef = 7EDFF569241E807600D24798 /* EnemyConfigurator.swift */; };
		7EDFF570241E857900D24798 /* MainCamera.swift in Sources */ = {isa = PBXBuildFile; fileRef = 7EDFF56F241E857900D24798 /* MainCamera.swift */; };
		7EDFF572241E85F400D24798 /* SetupInterface.swift in Sources */ = {isa = PBXBuildFile; fileRef = 7EDFF571241E85F400D24798 /* SetupInterface.swift */; };
		7EDFF574241E880E00D24798 /* EnemyFactory.swift in Sources */ = {isa = PBXBuildFile; fileRef = 7EDFF573241E880E00D24798 /* EnemyFactory.swift */; };
		7EDFF576241E899100D24798 /* PlayerFactory.swift in Sources */ = {isa = PBXBuildFile; fileRef = 7EDFF575241E899100D24798 /* PlayerFactory.swift */; };
		7EDFF579241E8A8700D24798 /* MainLight.swift in Sources */ = {isa = PBXBuildFile; fileRef = 7EDFF578241E8A8700D24798 /* MainLight.swift */; };
		7EDFF57B241E95C300D24798 /* FloatExtension.swift in Sources */ = {isa = PBXBuildFile; fileRef = 7EDFF57A241E95C300D24798 /* FloatExtension.swift */; };
		7EDFF580241E99E200D24798 /* PhysicsContactExtension.swift in Sources */ = {isa = PBXBuildFile; fileRef = 7EDFF57F241E99E200D24798 /* PhysicsContactExtension.swift */; };
		7EDFF583241EA8E700D24798 /* AnimationInterface.swift in Sources */ = {isa = PBXBuildFile; fileRef = 7EDFF582241EA8E700D24798 /* AnimationInterface.swift */; };
/* End PBXBuildFile section */

/* Begin PBXContainerItemProxy section */
		7E34B9FB23B552E600FA0BEE /* PBXContainerItemProxy */ = {
			isa = PBXContainerItemProxy;
			containerPortal = 7E34B9DC23B552E300FA0BEE /* Project object */;
			proxyType = 1;
			remoteGlobalIDString = 7E34B9E323B552E300FA0BEE;
			remoteInfo = TheLastWitch;
		};
/* End PBXContainerItemProxy section */

/* Begin PBXFileReference section */
		7E23B0BA241EACF5002A2395 /* PlayerCollider.swift */ = {isa = PBXFileReference; lastKnownFileType = sourcecode.swift; path = PlayerCollider.swift; sourceTree = "<group>"; };
		7E23B0BC241EB0FF002A2395 /* BattleAction.swift */ = {isa = PBXFileReference; lastKnownFileType = sourcecode.swift; path = BattleAction.swift; sourceTree = "<group>"; };
		7E23B0C0241ECCF6002A2395 /* OptionsButtonNode.swift */ = {isa = PBXFileReference; lastKnownFileType = sourcecode.swift; path = OptionsButtonNode.swift; sourceTree = "<group>"; };
		7E23B0C2241ED573002A2395 /* CharacterButtonNode.swift */ = {isa = PBXFileReference; lastKnownFileType = sourcecode.swift; path = CharacterButtonNode.swift; sourceTree = "<group>"; };
		7E34B9E423B552E400FA0BEE /* TheLastWitch.app */ = {isa = PBXFileReference; explicitFileType = wrapper.application; includeInIndex = 0; path = TheLastWitch.app; sourceTree = BUILT_PRODUCTS_DIR; };
		7E34B9E723B552E400FA0BEE /* AppDelegate.swift */ = {isa = PBXFileReference; lastKnownFileType = sourcecode.swift; path = AppDelegate.swift; sourceTree = "<group>"; };
		7E34B9E923B552E400FA0BEE /* art.scnassets */ = {isa = PBXFileReference; lastKnownFileType = wrapper.scnassets; path = art.scnassets; sourceTree = "<group>"; };
		7E34B9EE23B552E400FA0BEE /* Base */ = {isa = PBXFileReference; lastKnownFileType = file.storyboard; name = Base; path = Base.lproj/Main.storyboard; sourceTree = "<group>"; };
		7E34B9F023B552E600FA0BEE /* Assets.xcassets */ = {isa = PBXFileReference; lastKnownFileType = folder.assetcatalog; path = Assets.xcassets; sourceTree = "<group>"; };
		7E34B9F323B552E600FA0BEE /* Base */ = {isa = PBXFileReference; lastKnownFileType = file.storyboard; name = Base; path = Base.lproj/LaunchScreen.storyboard; sourceTree = "<group>"; };
		7E34B9F523B552E600FA0BEE /* Info.plist */ = {isa = PBXFileReference; lastKnownFileType = text.plist.xml; path = Info.plist; sourceTree = "<group>"; };
		7E34B9FA23B552E600FA0BEE /* TheLastWitchTests.xctest */ = {isa = PBXFileReference; explicitFileType = wrapper.cfbundle; includeInIndex = 0; path = TheLastWitchTests.xctest; sourceTree = BUILT_PRODUCTS_DIR; };
		7E34B9FE23B552E600FA0BEE /* TheLastWitchTests.swift */ = {isa = PBXFileReference; lastKnownFileType = sourcecode.swift; path = TheLastWitchTests.swift; sourceTree = "<group>"; };
		7E34BA0023B552E600FA0BEE /* Info.plist */ = {isa = PBXFileReference; lastKnownFileType = text.plist.xml; path = Info.plist; sourceTree = "<group>"; };
		7E34BA0D23B800EB00FA0BEE /* DpadNode.swift */ = {isa = PBXFileReference; lastKnownFileType = sourcecode.swift; path = DpadNode.swift; sourceTree = "<group>"; };
		7E34BA0F23B8024D00FA0BEE /* NodeProtocol.swift */ = {isa = PBXFileReference; lastKnownFileType = sourcecode.swift; path = NodeProtocol.swift; sourceTree = "<group>"; };
		7E34BA1123B8055C00FA0BEE /* AttackButtonNode.swift */ = {isa = PBXFileReference; lastKnownFileType = sourcecode.swift; path = AttackButtonNode.swift; sourceTree = "<group>"; };
		7E34BA1323B8062D00FA0BEE /* HPBarNode.swift */ = {isa = PBXFileReference; lastKnownFileType = sourcecode.swift; path = HPBarNode.swift; sourceTree = "<group>"; };
		7E34BA1623B8251A00FA0BEE /* Player.swift */ = {isa = PBXFileReference; lastKnownFileType = sourcecode.swift; path = Player.swift; sourceTree = "<group>"; };
		7E34BA1923B82BE800FA0BEE /* PlayerAnimationType.swift */ = {isa = PBXFileReference; lastKnownFileType = sourcecode.swift; path = PlayerAnimationType.swift; sourceTree = "<group>"; };
		7E34BA1B23B82C2C00FA0BEE /* PlayerAnimation.swift */ = {isa = PBXFileReference; lastKnownFileType = sourcecode.swift; path = PlayerAnimation.swift; sourceTree = "<group>"; };
		7E34BA1D23B83B8900FA0BEE /* GameState.swift */ = {isa = PBXFileReference; lastKnownFileType = sourcecode.swift; path = GameState.swift; sourceTree = "<group>"; };
		7E57ACA6241FDC85003350C9 /* GameProgress.swift */ = {isa = PBXFileReference; fileEncoding = 4; lastKnownFileType = sourcecode.swift; path = GameProgress.swift; sourceTree = "<group>"; };
		7E57ACA7241FDC85003350C9 /* GameView.swift */ = {isa = PBXFileReference; fileEncoding = 4; lastKnownFileType = sourcecode.swift; path = GameView.swift; sourceTree = "<group>"; };
		7E57ACAA241FDC8E003350C9 /* GameViewController.swift */ = {isa = PBXFileReference; fileEncoding = 4; lastKnownFileType = sourcecode.swift; path = GameViewController.swift; sourceTree = "<group>"; };
		7E57ACAB241FDC8F003350C9 /* GameViewConfigurator.swift */ = {isa = PBXFileReference; fileEncoding = 4; lastKnownFileType = sourcecode.swift; path = GameViewConfigurator.swift; sourceTree = "<group>"; };
		7E57ACB1241FDD38003350C9 /* GameMenuConfigurator.swift */ = {isa = PBXFileReference; fileEncoding = 4; lastKnownFileType = sourcecode.swift; path = GameMenuConfigurator.swift; sourceTree = "<group>"; };
		7E57ACB2241FDD38003350C9 /* GameMenuController.swift */ = {isa = PBXFileReference; fileEncoding = 4; lastKnownFileType = sourcecode.swift; path = GameMenuController.swift; sourceTree = "<group>"; };
		7E57ACB5241FDD43003350C9 /* GameMenuLayoutManaging.swift */ = {isa = PBXFileReference; fileEncoding = 4; lastKnownFileType = sourcecode.swift; path = GameMenuLayoutManaging.swift; sourceTree = "<group>"; };
		7E57ACB6241FDD43003350C9 /* GameMenuView.swift */ = {isa = PBXFileReference; fileEncoding = 4; lastKnownFileType = sourcecode.swift; path = GameMenuView.swift; sourceTree = "<group>"; };
		7E57ACB7241FDD43003350C9 /* GameMenuLayoutManager.swift */ = {isa = PBXFileReference; fileEncoding = 4; lastKnownFileType = sourcecode.swift; path = GameMenuLayoutManager.swift; sourceTree = "<group>"; };
		7E57ACB8241FDD43003350C9 /* GameMenuViewInterface.swift */ = {isa = PBXFileReference; fileEncoding = 4; lastKnownFileType = sourcecode.swift; path = GameMenuViewInterface.swift; sourceTree = "<group>"; };
		7E57ACBF241FDD91003350C9 /* SceneOne.swift */ = {isa = PBXFileReference; lastKnownFileType = sourcecode.swift; path = SceneOne.swift; sourceTree = "<group>"; };
		7E57ACC0241FDD91003350C9 /* SceneTwo.swift */ = {isa = PBXFileReference; lastKnownFileType = sourcecode.swift; path = SceneTwo.swift; sourceTree = "<group>"; };
		7E57ACC7241FEDD5003350C9 /* Npc.swift */ = {isa = PBXFileReference; lastKnownFileType = sourcecode.swift; path = Npc.swift; sourceTree = "<group>"; };
		7E57ACC9241FF034003350C9 /* NpcAnimationType.swift */ = {isa = PBXFileReference; lastKnownFileType = sourcecode.swift; path = NpcAnimationType.swift; sourceTree = "<group>"; };
		7E57ACCB241FF05F003350C9 /* NpcAnimation.swift */ = {isa = PBXFileReference; lastKnownFileType = sourcecode.swift; path = NpcAnimation.swift; sourceTree = "<group>"; };
		7E80B49523CB68E200254C4B /* Enemy.swift */ = {isa = PBXFileReference; lastKnownFileType = sourcecode.swift; path = Enemy.swift; sourceTree = "<group>"; };
		7E80B49723CBC91700254C4B /* GameUtils.swift */ = {isa = PBXFileReference; lastKnownFileType = sourcecode.swift; name = GameUtils.swift; path = TheLastWitch/Scene/GameUtils.swift; sourceTree = SOURCE_ROOT; };
		7EA7A5FB23E5F3DA00894C4D /* EnemyAnimationType.swift */ = {isa = PBXFileReference; lastKnownFileType = sourcecode.swift; path = EnemyAnimationType.swift; sourceTree = "<group>"; };
		7EA7A5FE23E5F62500894C4D /* ColourBase.swift */ = {isa = PBXFileReference; lastKnownFileType = sourcecode.swift; path = ColourBase.swift; sourceTree = "<group>"; };
		7EA7A60223E5FCAE00894C4D /* Collision.swift */ = {isa = PBXFileReference; lastKnownFileType = sourcecode.swift; path = Collision.swift; sourceTree = "<group>"; };
		7EA7A60623E5FD6B00894C4D /* Bitmask.swift */ = {isa = PBXFileReference; lastKnownFileType = sourcecode.swift; path = Bitmask.swift; sourceTree = "<group>"; };
		7EDFF5612415599B00D24798 /* EnemyAnimation.swift */ = {isa = PBXFileReference; lastKnownFileType = sourcecode.swift; path = EnemyAnimation.swift; sourceTree = "<group>"; };
		7EDFF5632415689100D24798 /* EXPBarNode.swift */ = {isa = PBXFileReference; lastKnownFileType = sourcecode.swift; path = EXPBarNode.swift; sourceTree = "<group>"; };
		7EDFF566241E7F5300D24798 /* EnemyCollider.swift */ = {isa = PBXFileReference; lastKnownFileType = sourcecode.swift; path = EnemyCollider.swift; sourceTree = "<group>"; };
		7EDFF569241E807600D24798 /* EnemyConfigurator.swift */ = {isa = PBXFileReference; lastKnownFileType = sourcecode.swift; path = EnemyConfigurator.swift; sourceTree = "<group>"; };
		7EDFF56F241E857900D24798 /* MainCamera.swift */ = {isa = PBXFileReference; lastKnownFileType = sourcecode.swift; path = MainCamera.swift; sourceTree = "<group>"; };
		7EDFF571241E85F400D24798 /* SetupInterface.swift */ = {isa = PBXFileReference; lastKnownFileType = sourcecode.swift; path = SetupInterface.swift; sourceTree = "<group>"; };
		7EDFF573241E880E00D24798 /* EnemyFactory.swift */ = {isa = PBXFileReference; lastKnownFileType = sourcecode.swift; path = EnemyFactory.swift; sourceTree = "<group>"; };
		7EDFF575241E899100D24798 /* PlayerFactory.swift */ = {isa = PBXFileReference; lastKnownFileType = sourcecode.swift; path = PlayerFactory.swift; sourceTree = "<group>"; };
		7EDFF578241E8A8700D24798 /* MainLight.swift */ = {isa = PBXFileReference; lastKnownFileType = sourcecode.swift; path = MainLight.swift; sourceTree = "<group>"; };
		7EDFF57A241E95C300D24798 /* FloatExtension.swift */ = {isa = PBXFileReference; lastKnownFileType = sourcecode.swift; path = FloatExtension.swift; sourceTree = "<group>"; };
		7EDFF57F241E99E200D24798 /* PhysicsContactExtension.swift */ = {isa = PBXFileReference; lastKnownFileType = sourcecode.swift; path = PhysicsContactExtension.swift; sourceTree = "<group>"; };
		7EDFF582241EA8E700D24798 /* AnimationInterface.swift */ = {isa = PBXFileReference; lastKnownFileType = sourcecode.swift; path = AnimationInterface.swift; sourceTree = "<group>"; };
/* End PBXFileReference section */

/* Begin PBXFrameworksBuildPhase section */
		7E34B9E123B552E300FA0BEE /* Frameworks */ = {
			isa = PBXFrameworksBuildPhase;
			buildActionMask = 2147483647;
			files = (
			);
			runOnlyForDeploymentPostprocessing = 0;
		};
		7E34B9F723B552E600FA0BEE /* Frameworks */ = {
			isa = PBXFrameworksBuildPhase;
			buildActionMask = 2147483647;
			files = (
			);
			runOnlyForDeploymentPostprocessing = 0;
		};
/* End PBXFrameworksBuildPhase section */

/* Begin PBXGroup section */
		7E34B9DB23B552E300FA0BEE = {
			isa = PBXGroup;
			children = (
				7E34B9E623B552E400FA0BEE /* TheLastWitch */,
				7E34B9FD23B552E600FA0BEE /* TheLastWitchTests */,
				7E34B9E523B552E400FA0BEE /* Products */,
			);
			sourceTree = "<group>";
		};
		7E34B9E523B552E400FA0BEE /* Products */ = {
			isa = PBXGroup;
			children = (
				7E34B9E423B552E400FA0BEE /* TheLastWitch.app */,
				7E34B9FA23B552E600FA0BEE /* TheLastWitchTests.xctest */,
			);
			name = Products;
			sourceTree = "<group>";
		};
		7E34B9E623B552E400FA0BEE /* TheLastWitch */ = {
			isa = PBXGroup;
			children = (
				7E57ACC3241FEBC2003350C9 /* Legacy */,
				7EA7A5FD23E5F61200894C4D /* Assets */,
				7E34BA0B23B7E1EB00FA0BEE /* Scene */,
				7E34BA1D23B83B8900FA0BEE /* GameState.swift */,
				7E57ACA2241FDC21003350C9 /* Gameplay */,
				7E34B9E923B552E400FA0BEE /* art.scnassets */,
				7E34B9F023B552E600FA0BEE /* Assets.xcassets */,
				7E34B9ED23B552E400FA0BEE /* Main.storyboard */,
				7E34B9F223B552E600FA0BEE /* LaunchScreen.storyboard */,
				7E34B9E723B552E400FA0BEE /* AppDelegate.swift */,
				7E34B9F523B552E600FA0BEE /* Info.plist */,
			);
			path = TheLastWitch;
			sourceTree = "<group>";
		};
		7E34B9FD23B552E600FA0BEE /* TheLastWitchTests */ = {
			isa = PBXGroup;
			children = (
				7E34B9FE23B552E600FA0BEE /* TheLastWitchTests.swift */,
				7E34BA0023B552E600FA0BEE /* Info.plist */,
			);
			path = TheLastWitchTests;
			sourceTree = "<group>";
		};
		7E34BA0B23B7E1EB00FA0BEE /* Scene */ = {
			isa = PBXGroup;
			children = (
				7EA7A60423E5FD3000894C4D /* features */,
				7E80B49723CBC91700254C4B /* GameUtils.swift */,
				7EDFF57E241E99C800D24798 /* Extensions */,
				7E80B49323CB68C700254C4B /* Nodes */,
				7E34BA0C23B8006500FA0BEE /* UserInterface */,
			);
			path = Scene;
			sourceTree = "<group>";
		};
		7E34BA0C23B8006500FA0BEE /* UserInterface */ = {
			isa = PBXGroup;
			children = (
				7EDFF5652416CB0A00D24798 /* Controlls */,
			);
			path = UserInterface;
			sourceTree = "<group>";
		};
		7E34BA1823B82BC600FA0BEE /* Player */ = {
			isa = PBXGroup;
			children = (
				7EDFF584241EAB3600D24798 /* Animation */,
				7E34BA1623B8251A00FA0BEE /* Player.swift */,
				7E23B0BA241EACF5002A2395 /* PlayerCollider.swift */,
			);
			path = Player;
			sourceTree = "<group>";
		};
		7E57ACA2241FDC21003350C9 /* Gameplay */ = {
			isa = PBXGroup;
			children = (
				7E57ACA6241FDC85003350C9 /* GameProgress.swift */,
				7E57ACA7241FDC85003350C9 /* GameView.swift */,
				7E57ACA3241FDC33003350C9 /* Controller */,
			);
			path = Gameplay;
			sourceTree = "<group>";
		};
		7E57ACA3241FDC33003350C9 /* Controller */ = {
			isa = PBXGroup;
			children = (
				7E57ACBF241FDD91003350C9 /* SceneOne.swift */,
				7E57ACC0241FDD91003350C9 /* SceneTwo.swift */,
				7E57ACAB241FDC8F003350C9 /* GameViewConfigurator.swift */,
				7E57ACAA241FDC8E003350C9 /* GameViewController.swift */,
			);
			path = Controller;
			sourceTree = "<group>";
		};
		7E57ACA4241FDC4B003350C9 /* WelcomeScreen */ = {
			isa = PBXGroup;
			children = (
				7E57ACA5241FDC5A003350C9 /* View */,
			);
			path = WelcomeScreen;
			sourceTree = "<group>";
		};
		7E57ACA5241FDC5A003350C9 /* View */ = {
			isa = PBXGroup;
			children = (
				7E57ACB0241FDCC0003350C9 /* View */,
				7E57ACAF241FDCB8003350C9 /* Controller */,
				7E57ACAE241FDCB0003350C9 /* Appearance */,
			);
			path = View;
			sourceTree = "<group>";
		};
		7E57ACAE241FDCB0003350C9 /* Appearance */ = {
			isa = PBXGroup;
			children = (
				7E57ACB7241FDD43003350C9 /* GameMenuLayoutManager.swift */,
				7E57ACB5241FDD43003350C9 /* GameMenuLayoutManaging.swift */,
				7E57ACB6241FDD43003350C9 /* GameMenuView.swift */,
				7E57ACB8241FDD43003350C9 /* GameMenuViewInterface.swift */,
			);
			path = Appearance;
			sourceTree = "<group>";
		};
		7E57ACAF241FDCB8003350C9 /* Controller */ = {
			isa = PBXGroup;
			children = (
				7E57ACB1241FDD38003350C9 /* GameMenuConfigurator.swift */,
				7E57ACB2241FDD38003350C9 /* GameMenuController.swift */,
			);
			path = Controller;
			sourceTree = "<group>";
		};
		7E57ACB0241FDCC0003350C9 /* View */ = {
			isa = PBXGroup;
			children = (
			);
			path = View;
			sourceTree = "<group>";
		};
		7E57ACC3241FEBC2003350C9 /* Legacy */ = {
			isa = PBXGroup;
			children = (
				7E57ACA4241FDC4B003350C9 /* WelcomeScreen */,
			);
			path = Legacy;
			sourceTree = "<group>";
		};
		7E57ACC4241FED9D003350C9 /* NPC */ = {
			isa = PBXGroup;
			children = (
				7E57ACC5241FEDAC003350C9 /* Animation */,
				7E57ACC7241FEDD5003350C9 /* Npc.swift */,
			);
			path = NPC;
			sourceTree = "<group>";
		};
		7E57ACC5241FEDAC003350C9 /* Animation */ = {
			isa = PBXGroup;
			children = (
				7E57ACC9241FF034003350C9 /* NpcAnimationType.swift */,
				7E57ACCB241FF05F003350C9 /* NpcAnimation.swift */,
			);
			path = Animation;
			sourceTree = "<group>";
		};
		7E80B49323CB68C700254C4B /* Nodes */ = {
			isa = PBXGroup;
			children = (
				7EDFF582241EA8E700D24798 /* AnimationInterface.swift */,
				7E23B0BC241EB0FF002A2395 /* BattleAction.swift */,
				7E57ACC4241FED9D003350C9 /* NPC */,
				7E80B49423CB68D200254C4B /* Enemy */,
				7E34BA1823B82BC600FA0BEE /* Player */,
			);
			path = Nodes;
			sourceTree = "<group>";
		};
		7E80B49423CB68D200254C4B /* Enemy */ = {
			isa = PBXGroup;
			children = (
				7EDFF568241E805400D24798 /* Animation */,
				7E80B49523CB68E200254C4B /* Enemy.swift */,
				7EDFF566241E7F5300D24798 /* EnemyCollider.swift */,
				7EDFF569241E807600D24798 /* EnemyConfigurator.swift */,
			);
			path = Enemy;
			sourceTree = "<group>";
		};
		7EA7A5FD23E5F61200894C4D /* Assets */ = {
			isa = PBXGroup;
			children = (
				7EA7A5FE23E5F62500894C4D /* ColourBase.swift */,
			);
			path = Assets;
			sourceTree = "<group>";
		};
		7EA7A60423E5FD3000894C4D /* features */ = {
			isa = PBXGroup;
			children = (
				7EDFF577241E8A7500D24798 /* Light */,
				7EDFF56E241E856700D24798 /* Camera */,
				7EDFF56D241E855600D24798 /* Enemy */,
				7EDFF56C241E854200D24798 /* Player */,
				7EA7A60523E5FD4E00894C4D /* Collision */,
				7EDFF571241E85F400D24798 /* SetupInterface.swift */,
			);
			path = features;
			sourceTree = "<group>";
		};
		7EA7A60523E5FD4E00894C4D /* Collision */ = {
			isa = PBXGroup;
			children = (
				7EA7A60223E5FCAE00894C4D /* Collision.swift */,
				7EA7A60623E5FD6B00894C4D /* Bitmask.swift */,
			);
			path = Collision;
			sourceTree = "<group>";
		};
		7EDFF5652416CB0A00D24798 /* Controlls */ = {
			isa = PBXGroup;
			children = (
				7E34BA0F23B8024D00FA0BEE /* NodeProtocol.swift */,
				7E34BA0D23B800EB00FA0BEE /* DpadNode.swift */,
				7E34BA1123B8055C00FA0BEE /* AttackButtonNode.swift */,
				7E23B0C2241ED573002A2395 /* CharacterButtonNode.swift */,
				7E34BA1323B8062D00FA0BEE /* HPBarNode.swift */,
				7EDFF5632415689100D24798 /* EXPBarNode.swift */,
				7E23B0C0241ECCF6002A2395 /* OptionsButtonNode.swift */,
			);
			path = Controlls;
			sourceTree = "<group>";
		};
		7EDFF568241E805400D24798 /* Animation */ = {
			isa = PBXGroup;
			children = (
				7EDFF5612415599B00D24798 /* EnemyAnimation.swift */,
				7EA7A5FB23E5F3DA00894C4D /* EnemyAnimationType.swift */,
			);
			path = Animation;
			sourceTree = "<group>";
		};
		7EDFF56C241E854200D24798 /* Player */ = {
			isa = PBXGroup;
			children = (
				7EDFF575241E899100D24798 /* PlayerFactory.swift */,
			);
			path = Player;
			sourceTree = "<group>";
		};
		7EDFF56D241E855600D24798 /* Enemy */ = {
			isa = PBXGroup;
			children = (
				7EDFF573241E880E00D24798 /* EnemyFactory.swift */,
			);
			path = Enemy;
			sourceTree = "<group>";
		};
		7EDFF56E241E856700D24798 /* Camera */ = {
			isa = PBXGroup;
			children = (
				7EDFF56F241E857900D24798 /* MainCamera.swift */,
			);
			path = Camera;
			sourceTree = "<group>";
		};
		7EDFF577241E8A7500D24798 /* Light */ = {
			isa = PBXGroup;
			children = (
				7EDFF578241E8A8700D24798 /* MainLight.swift */,
			);
			path = Light;
			sourceTree = "<group>";
		};
		7EDFF57E241E99C800D24798 /* Extensions */ = {
			isa = PBXGroup;
			children = (
				7EDFF57A241E95C300D24798 /* FloatExtension.swift */,
				7EDFF57F241E99E200D24798 /* PhysicsContactExtension.swift */,
			);
			path = Extensions;
			sourceTree = "<group>";
		};
		7EDFF584241EAB3600D24798 /* Animation */ = {
			isa = PBXGroup;
			children = (
				7E34BA1B23B82C2C00FA0BEE /* PlayerAnimation.swift */,
				7E34BA1923B82BE800FA0BEE /* PlayerAnimationType.swift */,
			);
			path = Animation;
			sourceTree = "<group>";
		};
/* End PBXGroup section */

/* Begin PBXNativeTarget section */
		7E34B9E323B552E300FA0BEE /* TheLastWitch */ = {
			isa = PBXNativeTarget;
			buildConfigurationList = 7E34BA0323B552E600FA0BEE /* Build configuration list for PBXNativeTarget "TheLastWitch" */;
			buildPhases = (
				7E34B9E023B552E300FA0BEE /* Sources */,
				7E34B9E123B552E300FA0BEE /* Frameworks */,
				7E34B9E223B552E300FA0BEE /* Resources */,
			);
			buildRules = (
			);
			dependencies = (
			);
			name = TheLastWitch;
			productName = TheLastWitch;
			productReference = 7E34B9E423B552E400FA0BEE /* TheLastWitch.app */;
			productType = "com.apple.product-type.application";
		};
		7E34B9F923B552E600FA0BEE /* TheLastWitchTests */ = {
			isa = PBXNativeTarget;
			buildConfigurationList = 7E34BA0623B552E600FA0BEE /* Build configuration list for PBXNativeTarget "TheLastWitchTests" */;
			buildPhases = (
				7E34B9F623B552E600FA0BEE /* Sources */,
				7E34B9F723B552E600FA0BEE /* Frameworks */,
				7E34B9F823B552E600FA0BEE /* Resources */,
			);
			buildRules = (
			);
			dependencies = (
				7E34B9FC23B552E600FA0BEE /* PBXTargetDependency */,
			);
			name = TheLastWitchTests;
			productName = TheLastWitchTests;
			productReference = 7E34B9FA23B552E600FA0BEE /* TheLastWitchTests.xctest */;
			productType = "com.apple.product-type.bundle.unit-test";
		};
/* End PBXNativeTarget section */

/* Begin PBXProject section */
		7E34B9DC23B552E300FA0BEE /* Project object */ = {
			isa = PBXProject;
			attributes = {
				LastSwiftUpdateCheck = 1100;
				LastUpgradeCheck = 1100;
				ORGANIZATIONNAME = "Aleksandra Kustra";
				TargetAttributes = {
					7E34B9E323B552E300FA0BEE = {
						CreatedOnToolsVersion = 11.0;
					};
					7E34B9F923B552E600FA0BEE = {
						CreatedOnToolsVersion = 11.0;
						TestTargetID = 7E34B9E323B552E300FA0BEE;
					};
				};
			};
			buildConfigurationList = 7E34B9DF23B552E300FA0BEE /* Build configuration list for PBXProject "TheLastWitch" */;
			compatibilityVersion = "Xcode 9.3";
			developmentRegion = en;
			hasScannedForEncodings = 0;
			knownRegions = (
				en,
				Base,
			);
			mainGroup = 7E34B9DB23B552E300FA0BEE;
			productRefGroup = 7E34B9E523B552E400FA0BEE /* Products */;
			projectDirPath = "";
			projectRoot = "";
			targets = (
				7E34B9E323B552E300FA0BEE /* TheLastWitch */,
				7E34B9F923B552E600FA0BEE /* TheLastWitchTests */,
			);
		};
/* End PBXProject section */

/* Begin PBXResourcesBuildPhase section */
		7E34B9E223B552E300FA0BEE /* Resources */ = {
			isa = PBXResourcesBuildPhase;
			buildActionMask = 2147483647;
			files = (
				7E34B9EA23B552E400FA0BEE /* art.scnassets in Resources */,
				7E34B9F423B552E600FA0BEE /* LaunchScreen.storyboard in Resources */,
				7E34B9F123B552E600FA0BEE /* Assets.xcassets in Resources */,
				7E34B9EF23B552E400FA0BEE /* Main.storyboard in Resources */,
			);
			runOnlyForDeploymentPostprocessing = 0;
		};
		7E34B9F823B552E600FA0BEE /* Resources */ = {
			isa = PBXResourcesBuildPhase;
			buildActionMask = 2147483647;
			files = (
			);
			runOnlyForDeploymentPostprocessing = 0;
		};
/* End PBXResourcesBuildPhase section */

/* Begin PBXSourcesBuildPhase section */
		7E34B9E023B552E300FA0BEE /* Sources */ = {
			isa = PBXSourcesBuildPhase;
			buildActionMask = 2147483647;
			files = (
				7E34BA0E23B800EB00FA0BEE /* DpadNode.swift in Sources */,
				7E57ACCA241FF034003350C9 /* NpcAnimationType.swift in Sources */,
				7E57ACC8241FEDD5003350C9 /* Npc.swift in Sources */,
				7E23B0C3241ED573002A2395 /* CharacterButtonNode.swift in Sources */,
				7E57ACB9241FDD43003350C9 /* GameMenuLayoutManaging.swift in Sources */,
				7EDFF572241E85F400D24798 /* SetupInterface.swift in Sources */,
				7EA7A5FC23E5F3DA00894C4D /* EnemyAnimationType.swift in Sources */,
				7E23B0C1241ECCF6002A2395 /* OptionsButtonNode.swift in Sources */,
				7E34BA1023B8024D00FA0BEE /* NodeProtocol.swift in Sources */,
				7E57ACAC241FDC8F003350C9 /* GameViewController.swift in Sources */,
				7EDFF583241EA8E700D24798 /* AnimationInterface.swift in Sources */,
				7EDFF5622415599B00D24798 /* EnemyAnimation.swift in Sources */,
				7EA7A5FF23E5F62500894C4D /* ColourBase.swift in Sources */,
				7E23B0BD241EB0FF002A2395 /* BattleAction.swift in Sources */,
				7EDFF580241E99E200D24798 /* PhysicsContactExtension.swift in Sources */,
				7EDFF567241E7F5300D24798 /* EnemyCollider.swift in Sources */,
				7E57ACBC241FDD43003350C9 /* GameMenuViewInterface.swift in Sources */,
				7EDFF576241E899100D24798 /* PlayerFactory.swift in Sources */,
				7E57ACAD241FDC8F003350C9 /* GameViewConfigurator.swift in Sources */,
				7E57ACB3241FDD38003350C9 /* GameMenuConfigurator.swift in Sources */,
				7E34BA1A23B82BE800FA0BEE /* PlayerAnimationType.swift in Sources */,
				7E57ACBA241FDD43003350C9 /* GameMenuView.swift in Sources */,
				7EDFF574241E880E00D24798 /* EnemyFactory.swift in Sources */,
				7EDFF56A241E807600D24798 /* EnemyConfigurator.swift in Sources */,
				7E57ACA9241FDC85003350C9 /* GameView.swift in Sources */,
				7E57ACC1241FDD91003350C9 /* SceneOne.swift in Sources */,
				7E34BA1723B8251A00FA0BEE /* Player.swift in Sources */,
				7EDFF570241E857900D24798 /* MainCamera.swift in Sources */,
				7EDFF5642415689100D24798 /* EXPBarNode.swift in Sources */,
				7EA7A60323E5FCAE00894C4D /* Collision.swift in Sources */,
				7EA7A60723E5FD6B00894C4D /* Bitmask.swift in Sources */,
				7E23B0BB241EACF5002A2395 /* PlayerCollider.swift in Sources */,
				7EDFF579241E8A8700D24798 /* MainLight.swift in Sources */,
				7E34B9E823B552E400FA0BEE /* AppDelegate.swift in Sources */,
				7E34BA1423B8062D00FA0BEE /* HPBarNode.swift in Sources */,
				7E80B49623CB68E200254C4B /* Enemy.swift in Sources */,
				7E34BA1223B8055C00FA0BEE /* AttackButtonNode.swift in Sources */,
				7E34BA1C23B82C2C00FA0BEE /* PlayerAnimation.swift in Sources */,
				7E57ACA8241FDC85003350C9 /* GameProgress.swift in Sources */,
				7E57ACC2241FDD91003350C9 /* SceneTwo.swift in Sources */,
				7E80B49823CBC91700254C4B /* GameUtils.swift in Sources */,
				7E34BA1E23B83B8900FA0BEE /* GameState.swift in Sources */,
				7E57ACCC241FF05F003350C9 /* NpcAnimation.swift in Sources */,
				7E57ACB4241FDD38003350C9 /* GameMenuController.swift in Sources */,
				7E57ACBB241FDD43003350C9 /* GameMenuLayoutManager.swift in Sources */,
				7EDFF57B241E95C300D24798 /* FloatExtension.swift in Sources */,
			);
			runOnlyForDeploymentPostprocessing = 0;
		};
		7E34B9F623B552E600FA0BEE /* Sources */ = {
			isa = PBXSourcesBuildPhase;
			buildActionMask = 2147483647;
			files = (
				7E34B9FF23B552E600FA0BEE /* TheLastWitchTests.swift in Sources */,
			);
			runOnlyForDeploymentPostprocessing = 0;
		};
/* End PBXSourcesBuildPhase section */

/* Begin PBXTargetDependency section */
		7E34B9FC23B552E600FA0BEE /* PBXTargetDependency */ = {
			isa = PBXTargetDependency;
			target = 7E34B9E323B552E300FA0BEE /* TheLastWitch */;
			targetProxy = 7E34B9FB23B552E600FA0BEE /* PBXContainerItemProxy */;
		};
/* End PBXTargetDependency section */

/* Begin PBXVariantGroup section */
		7E34B9ED23B552E400FA0BEE /* Main.storyboard */ = {
			isa = PBXVariantGroup;
			children = (
				7E34B9EE23B552E400FA0BEE /* Base */,
			);
			name = Main.storyboard;
			sourceTree = "<group>";
		};
		7E34B9F223B552E600FA0BEE /* LaunchScreen.storyboard */ = {
			isa = PBXVariantGroup;
			children = (
				7E34B9F323B552E600FA0BEE /* Base */,
			);
			name = LaunchScreen.storyboard;
			sourceTree = "<group>";
		};
/* End PBXVariantGroup section */

/* Begin XCBuildConfiguration section */
		7E34BA0123B552E600FA0BEE /* Debug */ = {
			isa = XCBuildConfiguration;
			buildSettings = {
				ALWAYS_SEARCH_USER_PATHS = NO;
				CLANG_ANALYZER_NONNULL = YES;
				CLANG_ANALYZER_NUMBER_OBJECT_CONVERSION = YES_AGGRESSIVE;
				CLANG_CXX_LANGUAGE_STANDARD = "gnu++14";
				CLANG_CXX_LIBRARY = "libc++";
				CLANG_ENABLE_MODULES = YES;
				CLANG_ENABLE_OBJC_ARC = YES;
				CLANG_ENABLE_OBJC_WEAK = YES;
				CLANG_WARN_BLOCK_CAPTURE_AUTORELEASING = YES;
				CLANG_WARN_BOOL_CONVERSION = YES;
				CLANG_WARN_COMMA = YES;
				CLANG_WARN_CONSTANT_CONVERSION = YES;
				CLANG_WARN_DEPRECATED_OBJC_IMPLEMENTATIONS = YES;
				CLANG_WARN_DIRECT_OBJC_ISA_USAGE = YES_ERROR;
				CLANG_WARN_DOCUMENTATION_COMMENTS = YES;
				CLANG_WARN_EMPTY_BODY = YES;
				CLANG_WARN_ENUM_CONVERSION = YES;
				CLANG_WARN_INFINITE_RECURSION = YES;
				CLANG_WARN_INT_CONVERSION = YES;
				CLANG_WARN_NON_LITERAL_NULL_CONVERSION = YES;
				CLANG_WARN_OBJC_IMPLICIT_RETAIN_SELF = YES;
				CLANG_WARN_OBJC_LITERAL_CONVERSION = YES;
				CLANG_WARN_OBJC_ROOT_CLASS = YES_ERROR;
				CLANG_WARN_RANGE_LOOP_ANALYSIS = YES;
				CLANG_WARN_STRICT_PROTOTYPES = YES;
				CLANG_WARN_SUSPICIOUS_MOVE = YES;
				CLANG_WARN_UNGUARDED_AVAILABILITY = YES_AGGRESSIVE;
				CLANG_WARN_UNREACHABLE_CODE = YES;
				CLANG_WARN__DUPLICATE_METHOD_MATCH = YES;
				COPY_PHASE_STRIP = NO;
				DEBUG_INFORMATION_FORMAT = dwarf;
				ENABLE_STRICT_OBJC_MSGSEND = YES;
				ENABLE_TESTABILITY = YES;
				GCC_C_LANGUAGE_STANDARD = gnu11;
				GCC_DYNAMIC_NO_PIC = NO;
				GCC_NO_COMMON_BLOCKS = YES;
				GCC_OPTIMIZATION_LEVEL = 0;
				GCC_PREPROCESSOR_DEFINITIONS = (
					"DEBUG=1",
					"$(inherited)",
				);
				GCC_WARN_64_TO_32_BIT_CONVERSION = YES;
				GCC_WARN_ABOUT_RETURN_TYPE = YES_ERROR;
				GCC_WARN_UNDECLARED_SELECTOR = YES;
				GCC_WARN_UNINITIALIZED_AUTOS = YES_AGGRESSIVE;
				GCC_WARN_UNUSED_FUNCTION = YES;
				GCC_WARN_UNUSED_VARIABLE = YES;
				IPHONEOS_DEPLOYMENT_TARGET = 13.0;
				MTL_ENABLE_DEBUG_INFO = INCLUDE_SOURCE;
				MTL_FAST_MATH = YES;
				ONLY_ACTIVE_ARCH = YES;
				SDKROOT = iphoneos;
				SWIFT_ACTIVE_COMPILATION_CONDITIONS = DEBUG;
				SWIFT_OPTIMIZATION_LEVEL = "-Onone";
			};
			name = Debug;
		};
		7E34BA0223B552E600FA0BEE /* Release */ = {
			isa = XCBuildConfiguration;
			buildSettings = {
				ALWAYS_SEARCH_USER_PATHS = NO;
				CLANG_ANALYZER_NONNULL = YES;
				CLANG_ANALYZER_NUMBER_OBJECT_CONVERSION = YES_AGGRESSIVE;
				CLANG_CXX_LANGUAGE_STANDARD = "gnu++14";
				CLANG_CXX_LIBRARY = "libc++";
				CLANG_ENABLE_MODULES = YES;
				CLANG_ENABLE_OBJC_ARC = YES;
				CLANG_ENABLE_OBJC_WEAK = YES;
				CLANG_WARN_BLOCK_CAPTURE_AUTORELEASING = YES;
				CLANG_WARN_BOOL_CONVERSION = YES;
				CLANG_WARN_COMMA = YES;
				CLANG_WARN_CONSTANT_CONVERSION = YES;
				CLANG_WARN_DEPRECATED_OBJC_IMPLEMENTATIONS = YES;
				CLANG_WARN_DIRECT_OBJC_ISA_USAGE = YES_ERROR;
				CLANG_WARN_DOCUMENTATION_COMMENTS = YES;
				CLANG_WARN_EMPTY_BODY = YES;
				CLANG_WARN_ENUM_CONVERSION = YES;
				CLANG_WARN_INFINITE_RECURSION = YES;
				CLANG_WARN_INT_CONVERSION = YES;
				CLANG_WARN_NON_LITERAL_NULL_CONVERSION = YES;
				CLANG_WARN_OBJC_IMPLICIT_RETAIN_SELF = YES;
				CLANG_WARN_OBJC_LITERAL_CONVERSION = YES;
				CLANG_WARN_OBJC_ROOT_CLASS = YES_ERROR;
				CLANG_WARN_RANGE_LOOP_ANALYSIS = YES;
				CLANG_WARN_STRICT_PROTOTYPES = YES;
				CLANG_WARN_SUSPICIOUS_MOVE = YES;
				CLANG_WARN_UNGUARDED_AVAILABILITY = YES_AGGRESSIVE;
				CLANG_WARN_UNREACHABLE_CODE = YES;
				CLANG_WARN__DUPLICATE_METHOD_MATCH = YES;
				COPY_PHASE_STRIP = NO;
				DEBUG_INFORMATION_FORMAT = "dwarf-with-dsym";
				ENABLE_NS_ASSERTIONS = NO;
				ENABLE_STRICT_OBJC_MSGSEND = YES;
				GCC_C_LANGUAGE_STANDARD = gnu11;
				GCC_NO_COMMON_BLOCKS = YES;
				GCC_WARN_64_TO_32_BIT_CONVERSION = YES;
				GCC_WARN_ABOUT_RETURN_TYPE = YES_ERROR;
				GCC_WARN_UNDECLARED_SELECTOR = YES;
				GCC_WARN_UNINITIALIZED_AUTOS = YES_AGGRESSIVE;
				GCC_WARN_UNUSED_FUNCTION = YES;
				GCC_WARN_UNUSED_VARIABLE = YES;
				IPHONEOS_DEPLOYMENT_TARGET = 13.0;
				MTL_ENABLE_DEBUG_INFO = NO;
				MTL_FAST_MATH = YES;
				SDKROOT = iphoneos;
				SWIFT_COMPILATION_MODE = wholemodule;
				SWIFT_OPTIMIZATION_LEVEL = "-O";
				VALIDATE_PRODUCT = YES;
			};
			name = Release;
		};
		7E34BA0423B552E600FA0BEE /* Debug */ = {
			isa = XCBuildConfiguration;
			buildSettings = {
				ASSETCATALOG_COMPILER_APPICON_NAME = AppIcon;
				CODE_SIGN_STYLE = Automatic;
				DEVELOPMENT_TEAM = 97E4ZMM938;
				INFOPLIST_FILE = TheLastWitch/Info.plist;
				IPHONEOS_DEPLOYMENT_TARGET = 12.0;
				LD_RUNPATH_SEARCH_PATHS = (
					"$(inherited)",
					"@executable_path/Frameworks",
				);
				PRODUCT_BUNDLE_IDENTIFIER = aleksandra.kustra.TheLastWitch;
				PRODUCT_NAME = "$(TARGET_NAME)";
				SWIFT_VERSION = 5.0;
				TARGETED_DEVICE_FAMILY = "1,2";
			};
			name = Debug;
		};
		7E34BA0523B552E600FA0BEE /* Release */ = {
			isa = XCBuildConfiguration;
			buildSettings = {
				ASSETCATALOG_COMPILER_APPICON_NAME = AppIcon;
				CODE_SIGN_STYLE = Automatic;
				DEVELOPMENT_TEAM = 97E4ZMM938;
				INFOPLIST_FILE = TheLastWitch/Info.plist;
				IPHONEOS_DEPLOYMENT_TARGET = 12.0;
				LD_RUNPATH_SEARCH_PATHS = (
					"$(inherited)",
					"@executable_path/Frameworks",
				);
				PRODUCT_BUNDLE_IDENTIFIER = aleksandra.kustra.TheLastWitch;
				PRODUCT_NAME = "$(TARGET_NAME)";
				SWIFT_VERSION = 5.0;
				TARGETED_DEVICE_FAMILY = "1,2";
			};
			name = Release;
		};
		7E34BA0723B552E600FA0BEE /* Debug */ = {
			isa = XCBuildConfiguration;
			buildSettings = {
				ALWAYS_EMBED_SWIFT_STANDARD_LIBRARIES = YES;
				BUNDLE_LOADER = "$(TEST_HOST)";
				CODE_SIGN_STYLE = Automatic;
				DEVELOPMENT_TEAM = 97E4ZMM938;
				INFOPLIST_FILE = TheLastWitchTests/Info.plist;
				IPHONEOS_DEPLOYMENT_TARGET = 13.0;
				LD_RUNPATH_SEARCH_PATHS = (
					"$(inherited)",
					"@executable_path/Frameworks",
					"@loader_path/Frameworks",
				);
				PRODUCT_BUNDLE_IDENTIFIER = aleksandra.kustra.TheLastWitchTests;
				PRODUCT_NAME = "$(TARGET_NAME)";
				SWIFT_VERSION = 5.0;
				TARGETED_DEVICE_FAMILY = "1,2";
				TEST_HOST = "$(BUILT_PRODUCTS_DIR)/TheLastWitch.app/TheLastWitch";
			};
			name = Debug;
		};
		7E34BA0823B552E600FA0BEE /* Release */ = {
			isa = XCBuildConfiguration;
			buildSettings = {
				ALWAYS_EMBED_SWIFT_STANDARD_LIBRARIES = YES;
				BUNDLE_LOADER = "$(TEST_HOST)";
				CODE_SIGN_STYLE = Automatic;
				DEVELOPMENT_TEAM = 97E4ZMM938;
				INFOPLIST_FILE = TheLastWitchTests/Info.plist;
				IPHONEOS_DEPLOYMENT_TARGET = 13.0;
				LD_RUNPATH_SEARCH_PATHS = (
					"$(inherited)",
					"@executable_path/Frameworks",
					"@loader_path/Frameworks",
				);
				PRODUCT_BUNDLE_IDENTIFIER = aleksandra.kustra.TheLastWitchTests;
				PRODUCT_NAME = "$(TARGET_NAME)";
				SWIFT_VERSION = 5.0;
				TARGETED_DEVICE_FAMILY = "1,2";
				TEST_HOST = "$(BUILT_PRODUCTS_DIR)/TheLastWitch.app/TheLastWitch";
			};
			name = Release;
		};
/* End XCBuildConfiguration section */

/* Begin XCConfigurationList section */
		7E34B9DF23B552E300FA0BEE /* Build configuration list for PBXProject "TheLastWitch" */ = {
			isa = XCConfigurationList;
			buildConfigurations = (
				7E34BA0123B552E600FA0BEE /* Debug */,
				7E34BA0223B552E600FA0BEE /* Release */,
			);
			defaultConfigurationIsVisible = 0;
			defaultConfigurationName = Release;
		};
		7E34BA0323B552E600FA0BEE /* Build configuration list for PBXNativeTarget "TheLastWitch" */ = {
			isa = XCConfigurationList;
			buildConfigurations = (
				7E34BA0423B552E600FA0BEE /* Debug */,
				7E34BA0523B552E600FA0BEE /* Release */,
			);
			defaultConfigurationIsVisible = 0;
			defaultConfigurationName = Release;
		};
		7E34BA0623B552E600FA0BEE /* Build configuration list for PBXNativeTarget "TheLastWitchTests" */ = {
			isa = XCConfigurationList;
			buildConfigurations = (
				7E34BA0723B552E600FA0BEE /* Debug */,
				7E34BA0823B552E600FA0BEE /* Release */,
			);
			defaultConfigurationIsVisible = 0;
			defaultConfigurationName = Release;
		};
/* End XCConfigurationList section */
	};
	rootObject = 7E34B9DC23B552E300FA0BEE /* Project object */;
}
