// !$*UTF8*$!
{
	archiveVersion = 1;
	classes = {
	};
	objectVersion = 50;
	objects = {

/* Begin PBXBuildFile section */
		7E34B9E823B552E400FA0BEE /* AppDelegate.swift in Sources */ = {isa = PBXBuildFile; fileRef = 7E34B9E723B552E400FA0BEE /* AppDelegate.swift */; };
		7E34B9EA23B552E400FA0BEE /* art.scnassets in Resources */ = {isa = PBXBuildFile; fileRef = 7E34B9E923B552E400FA0BEE /* art.scnassets */; };
		7E34B9EC23B552E400FA0BEE /* GameViewController.swift in Sources */ = {isa = PBXBuildFile; fileRef = 7E34B9EB23B552E400FA0BEE /* GameViewController.swift */; };
		7E34B9EF23B552E400FA0BEE /* Main.storyboard in Resources */ = {isa = PBXBuildFile; fileRef = 7E34B9ED23B552E400FA0BEE /* Main.storyboard */; };
		7E34B9F123B552E600FA0BEE /* Assets.xcassets in Resources */ = {isa = PBXBuildFile; fileRef = 7E34B9F023B552E600FA0BEE /* Assets.xcassets */; };
		7E34B9F423B552E600FA0BEE /* LaunchScreen.storyboard in Resources */ = {isa = PBXBuildFile; fileRef = 7E34B9F223B552E600FA0BEE /* LaunchScreen.storyboard */; };
		7E34B9FF23B552E600FA0BEE /* TheLastWitchTests.swift in Sources */ = {isa = PBXBuildFile; fileRef = 7E34B9FE23B552E600FA0BEE /* TheLastWitchTests.swift */; };
		7E34BA0A23B553F800FA0BEE /* GameView.swift in Sources */ = {isa = PBXBuildFile; fileRef = 7E34BA0923B553F800FA0BEE /* GameView.swift */; };
		7E34BA0E23B800EB00FA0BEE /* DpadNode.swift in Sources */ = {isa = PBXBuildFile; fileRef = 7E34BA0D23B800EB00FA0BEE /* DpadNode.swift */; };
		7E34BA1023B8024D00FA0BEE /* NodeProtocol.swift in Sources */ = {isa = PBXBuildFile; fileRef = 7E34BA0F23B8024D00FA0BEE /* NodeProtocol.swift */; };
		7E34BA1223B8055C00FA0BEE /* AttackButtonNode.swift in Sources */ = {isa = PBXBuildFile; fileRef = 7E34BA1123B8055C00FA0BEE /* AttackButtonNode.swift */; };
		7E34BA1423B8062D00FA0BEE /* HPBarNode.swift in Sources */ = {isa = PBXBuildFile; fileRef = 7E34BA1323B8062D00FA0BEE /* HPBarNode.swift */; };
/* End PBXBuildFile section */

/* Begin PBXContainerItemProxy section */
		7E34B9FB23B552E600FA0BEE /* PBXContainerItemProxy */ = {
			isa = PBXContainerItemProxy;
			containerPortal = 7E34B9DC23B552E300FA0BEE /* Project object */;
			proxyType = 1;
			remoteGlobalIDString = 7E34B9E323B552E300FA0BEE;
			remoteInfo = TheLastWitch;
		};
/* End PBXContainerItemProxy section */

/* Begin PBXFileReference section */
		7E34B9E423B552E400FA0BEE /* TheLastWitch.app */ = {isa = PBXFileReference; explicitFileType = wrapper.application; includeInIndex = 0; path = TheLastWitch.app; sourceTree = BUILT_PRODUCTS_DIR; };
		7E34B9E723B552E400FA0BEE /* AppDelegate.swift */ = {isa = PBXFileReference; lastKnownFileType = sourcecode.swift; path = AppDelegate.swift; sourceTree = "<group>"; };
		7E34B9E923B552E400FA0BEE /* art.scnassets */ = {isa = PBXFileReference; lastKnownFileType = wrapper.scnassets; path = art.scnassets; sourceTree = "<group>"; };
		7E34B9EB23B552E400FA0BEE /* GameViewController.swift */ = {isa = PBXFileReference; lastKnownFileType = sourcecode.swift; path = GameViewController.swift; sourceTree = "<group>"; };
		7E34B9EE23B552E400FA0BEE /* Base */ = {isa = PBXFileReference; lastKnownFileType = file.storyboard; name = Base; path = Base.lproj/Main.storyboard; sourceTree = "<group>"; };
		7E34B9F023B552E600FA0BEE /* Assets.xcassets */ = {isa = PBXFileReference; lastKnownFileType = folder.assetcatalog; path = Assets.xcassets; sourceTree = "<group>"; };
		7E34B9F323B552E600FA0BEE /* Base */ = {isa = PBXFileReference; lastKnownFileType = file.storyboard; name = Base; path = Base.lproj/LaunchScreen.storyboard; sourceTree = "<group>"; };
		7E34B9F523B552E600FA0BEE /* Info.plist */ = {isa = PBXFileReference; lastKnownFileType = text.plist.xml; path = Info.plist; sourceTree = "<group>"; };
		7E34B9FA23B552E600FA0BEE /* TheLastWitchTests.xctest */ = {isa = PBXFileReference; explicitFileType = wrapper.cfbundle; includeInIndex = 0; path = TheLastWitchTests.xctest; sourceTree = BUILT_PRODUCTS_DIR; };
		7E34B9FE23B552E600FA0BEE /* TheLastWitchTests.swift */ = {isa = PBXFileReference; lastKnownFileType = sourcecode.swift; path = TheLastWitchTests.swift; sourceTree = "<group>"; };
		7E34BA0023B552E600FA0BEE /* Info.plist */ = {isa = PBXFileReference; lastKnownFileType = text.plist.xml; path = Info.plist; sourceTree = "<group>"; };
		7E34BA0923B553F800FA0BEE /* GameView.swift */ = {isa = PBXFileReference; lastKnownFileType = sourcecode.swift; path = GameView.swift; sourceTree = "<group>"; };
		7E34BA0D23B800EB00FA0BEE /* DpadNode.swift */ = {isa = PBXFileReference; lastKnownFileType = sourcecode.swift; path = DpadNode.swift; sourceTree = "<group>"; };
		7E34BA0F23B8024D00FA0BEE /* NodeProtocol.swift */ = {isa = PBXFileReference; lastKnownFileType = sourcecode.swift; path = NodeProtocol.swift; sourceTree = "<group>"; };
		7E34BA1123B8055C00FA0BEE /* AttackButtonNode.swift */ = {isa = PBXFileReference; lastKnownFileType = sourcecode.swift; path = AttackButtonNode.swift; sourceTree = "<group>"; };
		7E34BA1323B8062D00FA0BEE /* HPBarNode.swift */ = {isa = PBXFileReference; lastKnownFileType = sourcecode.swift; path = HPBarNode.swift; sourceTree = "<group>"; };
/* End PBXFileReference section */

/* Begin PBXFrameworksBuildPhase section */
		7E34B9E123B552E300FA0BEE /* Frameworks */ = {
			isa = PBXFrameworksBuildPhase;
			buildActionMask = 2147483647;
			files = (
			);
			runOnlyForDeploymentPostprocessing = 0;
		};
		7E34B9F723B552E600FA0BEE /* Frameworks */ = {
			isa = PBXFrameworksBuildPhase;
			buildActionMask = 2147483647;
			files = (
			);
			runOnlyForDeploymentPostprocessing = 0;
		};
/* End PBXFrameworksBuildPhase section */

/* Begin PBXGroup section */
		7E34B9DB23B552E300FA0BEE = {
			isa = PBXGroup;
			children = (
				7E34B9E623B552E400FA0BEE /* TheLastWitch */,
				7E34B9FD23B552E600FA0BEE /* TheLastWitchTests */,
				7E34B9E523B552E400FA0BEE /* Products */,
			);
			sourceTree = "<group>";
		};
		7E34B9E523B552E400FA0BEE /* Products */ = {
			isa = PBXGroup;
			children = (
				7E34B9E423B552E400FA0BEE /* TheLastWitch.app */,
				7E34B9FA23B552E600FA0BEE /* TheLastWitchTests.xctest */,
			);
			name = Products;
			sourceTree = "<group>";
		};
		7E34B9E623B552E400FA0BEE /* TheLastWitch */ = {
			isa = PBXGroup;
			children = (
				7E34BA0B23B7E1EB00FA0BEE /* Scene */,
				7E34B9EB23B552E400FA0BEE /* GameViewController.swift */,
				7E34BA0923B553F800FA0BEE /* GameView.swift */,
				7E34B9E923B552E400FA0BEE /* art.scnassets */,
				7E34B9F023B552E600FA0BEE /* Assets.xcassets */,
				7E34B9ED23B552E400FA0BEE /* Main.storyboard */,
				7E34B9F223B552E600FA0BEE /* LaunchScreen.storyboard */,
				7E34B9E723B552E400FA0BEE /* AppDelegate.swift */,
				7E34B9F523B552E600FA0BEE /* Info.plist */,
			);
			path = TheLastWitch;
			sourceTree = "<group>";
		};
		7E34B9FD23B552E600FA0BEE /* TheLastWitchTests */ = {
			isa = PBXGroup;
			children = (
				7E34B9FE23B552E600FA0BEE /* TheLastWitchTests.swift */,
				7E34BA0023B552E600FA0BEE /* Info.plist */,
			);
			path = TheLastWitchTests;
			sourceTree = "<group>";
		};
		7E34BA0B23B7E1EB00FA0BEE /* Scene */ = {
			isa = PBXGroup;
			children = (
				7E34BA0C23B8006500FA0BEE /* UserInterface */,
			);
			path = Scene;
			sourceTree = "<group>";
		};
		7E34BA0C23B8006500FA0BEE /* UserInterface */ = {
			isa = PBXGroup;
			children = (
				7E34BA0F23B8024D00FA0BEE /* NodeProtocol.swift */,
				7E34BA0D23B800EB00FA0BEE /* DpadNode.swift */,
				7E34BA1123B8055C00FA0BEE /* AttackButtonNode.swift */,
				7E34BA1323B8062D00FA0BEE /* HPBarNode.swift */,
			);
			path = UserInterface;
			sourceTree = "<group>";
		};
/* End PBXGroup section */

/* Begin PBXNativeTarget section */
		7E34B9E323B552E300FA0BEE /* TheLastWitch */ = {
			isa = PBXNativeTarget;
			buildConfigurationList = 7E34BA0323B552E600FA0BEE /* Build configuration list for PBXNativeTarget "TheLastWitch" */;
			buildPhases = (
				7E34B9E023B552E300FA0BEE /* Sources */,
				7E34B9E123B552E300FA0BEE /* Frameworks */,
				7E34B9E223B552E300FA0BEE /* Resources */,
			);
			buildRules = (
			);
			dependencies = (
			);
			name = TheLastWitch;
			productName = TheLastWitch;
			productReference = 7E34B9E423B552E400FA0BEE /* TheLastWitch.app */;
			productType = "com.apple.product-type.application";
		};
		7E34B9F923B552E600FA0BEE /* TheLastWitchTests */ = {
			isa = PBXNativeTarget;
			buildConfigurationList = 7E34BA0623B552E600FA0BEE /* Build configuration list for PBXNativeTarget "TheLastWitchTests" */;
			buildPhases = (
				7E34B9F623B552E600FA0BEE /* Sources */,
				7E34B9F723B552E600FA0BEE /* Frameworks */,
				7E34B9F823B552E600FA0BEE /* Resources */,
			);
			buildRules = (
			);
			dependencies = (
				7E34B9FC23B552E600FA0BEE /* PBXTargetDependency */,
			);
			name = TheLastWitchTests;
			productName = TheLastWitchTests;
			productReference = 7E34B9FA23B552E600FA0BEE /* TheLastWitchTests.xctest */;
			productType = "com.apple.product-type.bundle.unit-test";
		};
/* End PBXNativeTarget section */

/* Begin PBXProject section */
		7E34B9DC23B552E300FA0BEE /* Project object */ = {
			isa = PBXProject;
			attributes = {
				LastSwiftUpdateCheck = 1100;
				LastUpgradeCheck = 1100;
				ORGANIZATIONNAME = "Aleksandra Kustra";
				TargetAttributes = {
					7E34B9E323B552E300FA0BEE = {
						CreatedOnToolsVersion = 11.0;
					};
					7E34B9F923B552E600FA0BEE = {
						CreatedOnToolsVersion = 11.0;
						TestTargetID = 7E34B9E323B552E300FA0BEE;
					};
				};
			};
			buildConfigurationList = 7E34B9DF23B552E300FA0BEE /* Build configuration list for PBXProject "TheLastWitch" */;
			compatibilityVersion = "Xcode 9.3";
			developmentRegion = en;
			hasScannedForEncodings = 0;
			knownRegions = (
				en,
				Base,
			);
			mainGroup = 7E34B9DB23B552E300FA0BEE;
			productRefGroup = 7E34B9E523B552E400FA0BEE /* Products */;
			projectDirPath = "";
			projectRoot = "";
			targets = (
				7E34B9E323B552E300FA0BEE /* TheLastWitch */,
				7E34B9F923B552E600FA0BEE /* TheLastWitchTests */,
			);
		};
/* End PBXProject section */

/* Begin PBXResourcesBuildPhase section */
		7E34B9E223B552E300FA0BEE /* Resources */ = {
			isa = PBXResourcesBuildPhase;
			buildActionMask = 2147483647;
			files = (
				7E34B9EA23B552E400FA0BEE /* art.scnassets in Resources */,
				7E34B9F423B552E600FA0BEE /* LaunchScreen.storyboard in Resources */,
				7E34B9F123B552E600FA0BEE /* Assets.xcassets in Resources */,
				7E34B9EF23B552E400FA0BEE /* Main.storyboard in Resources */,
			);
			runOnlyForDeploymentPostprocessing = 0;
		};
		7E34B9F823B552E600FA0BEE /* Resources */ = {
			isa = PBXResourcesBuildPhase;
			buildActionMask = 2147483647;
			files = (
			);
			runOnlyForDeploymentPostprocessing = 0;
		};
/* End PBXResourcesBuildPhase section */

/* Begin PBXSourcesBuildPhase section */
		7E34B9E023B552E300FA0BEE /* Sources */ = {
			isa = PBXSourcesBuildPhase;
			buildActionMask = 2147483647;
			files = (
				7E34BA0E23B800EB00FA0BEE /* DpadNode.swift in Sources */,
				7E34BA1023B8024D00FA0BEE /* NodeProtocol.swift in Sources */,
				7E34B9EC23B552E400FA0BEE /* GameViewController.swift in Sources */,
				7E34BA0A23B553F800FA0BEE /* GameView.swift in Sources */,
				7E34B9E823B552E400FA0BEE /* AppDelegate.swift in Sources */,
				7E34BA1423B8062D00FA0BEE /* HPBarNode.swift in Sources */,
				7E34BA1223B8055C00FA0BEE /* AttackButtonNode.swift in Sources */,
			);
			runOnlyForDeploymentPostprocessing = 0;
		};
		7E34B9F623B552E600FA0BEE /* Sources */ = {
			isa = PBXSourcesBuildPhase;
			buildActionMask = 2147483647;
			files = (
				7E34B9FF23B552E600FA0BEE /* TheLastWitchTests.swift in Sources */,
			);
			runOnlyForDeploymentPostprocessing = 0;
		};
/* End PBXSourcesBuildPhase section */

/* Begin PBXTargetDependency section */
		7E34B9FC23B552E600FA0BEE /* PBXTargetDependency */ = {
			isa = PBXTargetDependency;
			target = 7E34B9E323B552E300FA0BEE /* TheLastWitch */;
			targetProxy = 7E34B9FB23B552E600FA0BEE /* PBXContainerItemProxy */;
		};
/* End PBXTargetDependency section */

/* Begin PBXVariantGroup section */
		7E34B9ED23B552E400FA0BEE /* Main.storyboard */ = {
			isa = PBXVariantGroup;
			children = (
				7E34B9EE23B552E400FA0BEE /* Base */,
			);
			name = Main.storyboard;
			sourceTree = "<group>";
		};
		7E34B9F223B552E600FA0BEE /* LaunchScreen.storyboard */ = {
			isa = PBXVariantGroup;
			children = (
				7E34B9F323B552E600FA0BEE /* Base */,
			);
			name = LaunchScreen.storyboard;
			sourceTree = "<group>";
		};
/* End PBXVariantGroup section */

/* Begin XCBuildConfiguration section */
		7E34BA0123B552E600FA0BEE /* Debug */ = {
			isa = XCBuildConfiguration;
			buildSettings = {
				ALWAYS_SEARCH_USER_PATHS = NO;
				CLANG_ANALYZER_NONNULL = YES;
				CLANG_ANALYZER_NUMBER_OBJECT_CONVERSION = YES_AGGRESSIVE;
				CLANG_CXX_LANGUAGE_STANDARD = "gnu++14";
				CLANG_CXX_LIBRARY = "libc++";
				CLANG_ENABLE_MODULES = YES;
				CLANG_ENABLE_OBJC_ARC = YES;
				CLANG_ENABLE_OBJC_WEAK = YES;
				CLANG_WARN_BLOCK_CAPTURE_AUTORELEASING = YES;
				CLANG_WARN_BOOL_CONVERSION = YES;
				CLANG_WARN_COMMA = YES;
				CLANG_WARN_CONSTANT_CONVERSION = YES;
				CLANG_WARN_DEPRECATED_OBJC_IMPLEMENTATIONS = YES;
				CLANG_WARN_DIRECT_OBJC_ISA_USAGE = YES_ERROR;
				CLANG_WARN_DOCUMENTATION_COMMENTS = YES;
				CLANG_WARN_EMPTY_BODY = YES;
				CLANG_WARN_ENUM_CONVERSION = YES;
				CLANG_WARN_INFINITE_RECURSION = YES;
				CLANG_WARN_INT_CONVERSION = YES;
				CLANG_WARN_NON_LITERAL_NULL_CONVERSION = YES;
				CLANG_WARN_OBJC_IMPLICIT_RETAIN_SELF = YES;
				CLANG_WARN_OBJC_LITERAL_CONVERSION = YES;
				CLANG_WARN_OBJC_ROOT_CLASS = YES_ERROR;
				CLANG_WARN_RANGE_LOOP_ANALYSIS = YES;
				CLANG_WARN_STRICT_PROTOTYPES = YES;
				CLANG_WARN_SUSPICIOUS_MOVE = YES;
				CLANG_WARN_UNGUARDED_AVAILABILITY = YES_AGGRESSIVE;
				CLANG_WARN_UNREACHABLE_CODE = YES;
				CLANG_WARN__DUPLICATE_METHOD_MATCH = YES;
				COPY_PHASE_STRIP = NO;
				DEBUG_INFORMATION_FORMAT = dwarf;
				ENABLE_STRICT_OBJC_MSGSEND = YES;
				ENABLE_TESTABILITY = YES;
				GCC_C_LANGUAGE_STANDARD = gnu11;
				GCC_DYNAMIC_NO_PIC = NO;
				GCC_NO_COMMON_BLOCKS = YES;
				GCC_OPTIMIZATION_LEVEL = 0;
				GCC_PREPROCESSOR_DEFINITIONS = (
					"DEBUG=1",
					"$(inherited)",
				);
				GCC_WARN_64_TO_32_BIT_CONVERSION = YES;
				GCC_WARN_ABOUT_RETURN_TYPE = YES_ERROR;
				GCC_WARN_UNDECLARED_SELECTOR = YES;
				GCC_WARN_UNINITIALIZED_AUTOS = YES_AGGRESSIVE;
				GCC_WARN_UNUSED_FUNCTION = YES;
				GCC_WARN_UNUSED_VARIABLE = YES;
				IPHONEOS_DEPLOYMENT_TARGET = 13.0;
				MTL_ENABLE_DEBUG_INFO = INCLUDE_SOURCE;
				MTL_FAST_MATH = YES;
				ONLY_ACTIVE_ARCH = YES;
				SDKROOT = iphoneos;
				SWIFT_ACTIVE_COMPILATION_CONDITIONS = DEBUG;
				SWIFT_OPTIMIZATION_LEVEL = "-Onone";
			};
			name = Debug;
		};
		7E34BA0223B552E600FA0BEE /* Release */ = {
			isa = XCBuildConfiguration;
			buildSettings = {
				ALWAYS_SEARCH_USER_PATHS = NO;
				CLANG_ANALYZER_NONNULL = YES;
				CLANG_ANALYZER_NUMBER_OBJECT_CONVERSION = YES_AGGRESSIVE;
				CLANG_CXX_LANGUAGE_STANDARD = "gnu++14";
				CLANG_CXX_LIBRARY = "libc++";
				CLANG_ENABLE_MODULES = YES;
				CLANG_ENABLE_OBJC_ARC = YES;
				CLANG_ENABLE_OBJC_WEAK = YES;
				CLANG_WARN_BLOCK_CAPTURE_AUTORELEASING = YES;
				CLANG_WARN_BOOL_CONVERSION = YES;
				CLANG_WARN_COMMA = YES;
				CLANG_WARN_CONSTANT_CONVERSION = YES;
				CLANG_WARN_DEPRECATED_OBJC_IMPLEMENTATIONS = YES;
				CLANG_WARN_DIRECT_OBJC_ISA_USAGE = YES_ERROR;
				CLANG_WARN_DOCUMENTATION_COMMENTS = YES;
				CLANG_WARN_EMPTY_BODY = YES;
				CLANG_WARN_ENUM_CONVERSION = YES;
				CLANG_WARN_INFINITE_RECURSION = YES;
				CLANG_WARN_INT_CONVERSION = YES;
				CLANG_WARN_NON_LITERAL_NULL_CONVERSION = YES;
				CLANG_WARN_OBJC_IMPLICIT_RETAIN_SELF = YES;
				CLANG_WARN_OBJC_LITERAL_CONVERSION = YES;
				CLANG_WARN_OBJC_ROOT_CLASS = YES_ERROR;
				CLANG_WARN_RANGE_LOOP_ANALYSIS = YES;
				CLANG_WARN_STRICT_PROTOTYPES = YES;
				CLANG_WARN_SUSPICIOUS_MOVE = YES;
				CLANG_WARN_UNGUARDED_AVAILABILITY = YES_AGGRESSIVE;
				CLANG_WARN_UNREACHABLE_CODE = YES;
				CLANG_WARN__DUPLICATE_METHOD_MATCH = YES;
				COPY_PHASE_STRIP = NO;
				DEBUG_INFORMATION_FORMAT = "dwarf-with-dsym";
				ENABLE_NS_ASSERTIONS = NO;
				ENABLE_STRICT_OBJC_MSGSEND = YES;
				GCC_C_LANGUAGE_STANDARD = gnu11;
				GCC_NO_COMMON_BLOCKS = YES;
				GCC_WARN_64_TO_32_BIT_CONVERSION = YES;
				GCC_WARN_ABOUT_RETURN_TYPE = YES_ERROR;
				GCC_WARN_UNDECLARED_SELECTOR = YES;
				GCC_WARN_UNINITIALIZED_AUTOS = YES_AGGRESSIVE;
				GCC_WARN_UNUSED_FUNCTION = YES;
				GCC_WARN_UNUSED_VARIABLE = YES;
				IPHONEOS_DEPLOYMENT_TARGET = 13.0;
				MTL_ENABLE_DEBUG_INFO = NO;
				MTL_FAST_MATH = YES;
				SDKROOT = iphoneos;
				SWIFT_COMPILATION_MODE = wholemodule;
				SWIFT_OPTIMIZATION_LEVEL = "-O";
				VALIDATE_PRODUCT = YES;
			};
			name = Release;
		};
		7E34BA0423B552E600FA0BEE /* Debug */ = {
			isa = XCBuildConfiguration;
			buildSettings = {
				ASSETCATALOG_COMPILER_APPICON_NAME = AppIcon;
				CODE_SIGN_STYLE = Automatic;
				DEVELOPMENT_TEAM = 97E4ZMM938;
				INFOPLIST_FILE = TheLastWitch/Info.plist;
				IPHONEOS_DEPLOYMENT_TARGET = 10.0;
				LD_RUNPATH_SEARCH_PATHS = (
					"$(inherited)",
					"@executable_path/Frameworks",
				);
				PRODUCT_BUNDLE_IDENTIFIER = aleksandra.kustra.TheLastWitch;
				PRODUCT_NAME = "$(TARGET_NAME)";
				SWIFT_VERSION = 5.0;
				TARGETED_DEVICE_FAMILY = "1,2";
			};
			name = Debug;
		};
		7E34BA0523B552E600FA0BEE /* Release */ = {
			isa = XCBuildConfiguration;
			buildSettings = {
				ASSETCATALOG_COMPILER_APPICON_NAME = AppIcon;
				CODE_SIGN_STYLE = Automatic;
				DEVELOPMENT_TEAM = 97E4ZMM938;
				INFOPLIST_FILE = TheLastWitch/Info.plist;
				IPHONEOS_DEPLOYMENT_TARGET = 10.0;
				LD_RUNPATH_SEARCH_PATHS = (
					"$(inherited)",
					"@executable_path/Frameworks",
				);
				PRODUCT_BUNDLE_IDENTIFIER = aleksandra.kustra.TheLastWitch;
				PRODUCT_NAME = "$(TARGET_NAME)";
				SWIFT_VERSION = 5.0;
				TARGETED_DEVICE_FAMILY = "1,2";
			};
			name = Release;
		};
		7E34BA0723B552E600FA0BEE /* Debug */ = {
			isa = XCBuildConfiguration;
			buildSettings = {
				ALWAYS_EMBED_SWIFT_STANDARD_LIBRARIES = YES;
				BUNDLE_LOADER = "$(TEST_HOST)";
				CODE_SIGN_STYLE = Automatic;
				DEVELOPMENT_TEAM = 97E4ZMM938;
				INFOPLIST_FILE = TheLastWitchTests/Info.plist;
				IPHONEOS_DEPLOYMENT_TARGET = 13.0;
				LD_RUNPATH_SEARCH_PATHS = (
					"$(inherited)",
					"@executable_path/Frameworks",
					"@loader_path/Frameworks",
				);
				PRODUCT_BUNDLE_IDENTIFIER = aleksandra.kustra.TheLastWitchTests;
				PRODUCT_NAME = "$(TARGET_NAME)";
				SWIFT_VERSION = 5.0;
				TARGETED_DEVICE_FAMILY = "1,2";
				TEST_HOST = "$(BUILT_PRODUCTS_DIR)/TheLastWitch.app/TheLastWitch";
			};
			name = Debug;
		};
		7E34BA0823B552E600FA0BEE /* Release */ = {
			isa = XCBuildConfiguration;
			buildSettings = {
				ALWAYS_EMBED_SWIFT_STANDARD_LIBRARIES = YES;
				BUNDLE_LOADER = "$(TEST_HOST)";
				CODE_SIGN_STYLE = Automatic;
				DEVELOPMENT_TEAM = 97E4ZMM938;
				INFOPLIST_FILE = TheLastWitchTests/Info.plist;
				IPHONEOS_DEPLOYMENT_TARGET = 13.0;
				LD_RUNPATH_SEARCH_PATHS = (
					"$(inherited)",
					"@executable_path/Frameworks",
					"@loader_path/Frameworks",
				);
				PRODUCT_BUNDLE_IDENTIFIER = aleksandra.kustra.TheLastWitchTests;
				PRODUCT_NAME = "$(TARGET_NAME)";
				SWIFT_VERSION = 5.0;
				TARGETED_DEVICE_FAMILY = "1,2";
				TEST_HOST = "$(BUILT_PRODUCTS_DIR)/TheLastWitch.app/TheLastWitch";
			};
			name = Release;
		};
/* End XCBuildConfiguration section */

/* Begin XCConfigurationList section */
		7E34B9DF23B552E300FA0BEE /* Build configuration list for PBXProject "TheLastWitch" */ = {
			isa = XCConfigurationList;
			buildConfigurations = (
				7E34BA0123B552E600FA0BEE /* Debug */,
				7E34BA0223B552E600FA0BEE /* Release */,
			);
			defaultConfigurationIsVisible = 0;
			defaultConfigurationName = Release;
		};
		7E34BA0323B552E600FA0BEE /* Build configuration list for PBXNativeTarget "TheLastWitch" */ = {
			isa = XCConfigurationList;
			buildConfigurations = (
				7E34BA0423B552E600FA0BEE /* Debug */,
				7E34BA0523B552E600FA0BEE /* Release */,
			);
			defaultConfigurationIsVisible = 0;
			defaultConfigurationName = Release;
		};
		7E34BA0623B552E600FA0BEE /* Build configuration list for PBXNativeTarget "TheLastWitchTests" */ = {
			isa = XCConfigurationList;
			buildConfigurations = (
				7E34BA0723B552E600FA0BEE /* Debug */,
				7E34BA0823B552E600FA0BEE /* Release */,
			);
			defaultConfigurationIsVisible = 0;
			defaultConfigurationName = Release;
		};
/* End XCConfigurationList section */
	};
	rootObject = 7E34B9DC23B552E300FA0BEE /* Project object */;
}
